// !$*UTF8*$!
{
	archiveVersion = 1;
	classes = {
	};
	objectVersion = 56;
	objects = {

/* Begin PBXBuildFile section */
		E614A8AA2B86A3BA0074BE65 /* ParseFile.swift in Sources */ = {isa = PBXBuildFile; fileRef = E614A8A92B86A3BA0074BE65 /* ParseFile.swift */; };
		E6215E902B87CB55001725E1 /* ParsedData.swift in Sources */ = {isa = PBXBuildFile; fileRef = E6215E8F2B87CB55001725E1 /* ParsedData.swift */; };
		E622180F2B80175300BFF258 /* ExampleGradesViewModelPassingView.swift in Sources */ = {isa = PBXBuildFile; fileRef = E622180E2B80175300BFF258 /* ExampleGradesViewModelPassingView.swift */; };
		E6486FC22B743FBB00A8E344 /* App2_Grades_inClassApp.swift in Sources */ = {isa = PBXBuildFile; fileRef = E6486FC12B743FBB00A8E344 /* App2_Grades_inClassApp.swift */; };
		E6486FC42B743FBB00A8E344 /* ContentView.swift in Sources */ = {isa = PBXBuildFile; fileRef = E6486FC32B743FBB00A8E344 /* ContentView.swift */; };
		E6486FC62B743FBC00A8E344 /* Assets.xcassets in Resources */ = {isa = PBXBuildFile; fileRef = E6486FC52B743FBC00A8E344 /* Assets.xcassets */; };
		E6486FC92B743FBC00A8E344 /* Preview Assets.xcassets in Resources */ = {isa = PBXBuildFile; fileRef = E6486FC82B743FBC00A8E344 /* Preview Assets.xcassets */; };
		E664A1C22B8936CE003627BA /* StatisticsTableView.swift in Sources */ = {isa = PBXBuildFile; fileRef = E664A1C12B8936CE003627BA /* StatisticsTableView.swift */; };
		E664A1C42B8936DC003627BA /* StatisticsListView.swift in Sources */ = {isa = PBXBuildFile; fileRef = E664A1C32B8936DC003627BA /* StatisticsListView.swift */; };
		E66B046C2B87DF7A0065B76C /* AssignmentGroupTableView.swift in Sources */ = {isa = PBXBuildFile; fileRef = E66B046B2B87DF7A0065B76C /* AssignmentGroupTableView.swift */; };
		E66B046E2B87E3070065B76C /* AssignmentGroupListView.swift in Sources */ = {isa = PBXBuildFile; fileRef = E66B046D2B87E3070065B76C /* AssignmentGroupListView.swift */; };
		E674366D2B7AD761007A15BE /* StudentsListView.swift in Sources */ = {isa = PBXBuildFile; fileRef = E674366C2B7AD761007A15BE /* StudentsListView.swift */; };
		E6AD799C2B7D71EA00C9D475 /* DropFileView.swift in Sources */ = {isa = PBXBuildFile; fileRef = E6AD799B2B7D71EA00C9D475 /* DropFileView.swift */; };
		E6AD799E2B7D756800C9D475 /* CSVURLDropDelegate.swift in Sources */ = {isa = PBXBuildFile; fileRef = E6AD799D2B7D756800C9D475 /* CSVURLDropDelegate.swift */; };
		E6D03A2B2B76D89600AE6D25 /* Student.swift in Sources */ = {isa = PBXBuildFile; fileRef = E6D03A2A2B76D89600AE6D25 /* Student.swift */; };
		E6D03A2D2B76D9B300AE6D25 /* LetterGrade.swift in Sources */ = {isa = PBXBuildFile; fileRef = E6D03A2C2B76D9B300AE6D25 /* LetterGrade.swift */; };
		E6D03A2F2B76DB5900AE6D25 /* AssignmentScore.swift in Sources */ = {isa = PBXBuildFile; fileRef = E6D03A2E2B76DB5900AE6D25 /* AssignmentScore.swift */; };
		E6D03A312B76DD0700AE6D25 /* Assignment.swift in Sources */ = {isa = PBXBuildFile; fileRef = E6D03A302B76DD0700AE6D25 /* Assignment.swift */; };
		E6D03A332B76DE5600AE6D25 /* AssignmentGroup.swift in Sources */ = {isa = PBXBuildFile; fileRef = E6D03A322B76DE5600AE6D25 /* AssignmentGroup.swift */; };
		E6D03A352B76DF4000AE6D25 /* CourseResults.swift in Sources */ = {isa = PBXBuildFile; fileRef = E6D03A342B76DF4000AE6D25 /* CourseResults.swift */; };
		E6D03A372B76DFF300AE6D25 /* TestDataExtensions.swift in Sources */ = {isa = PBXBuildFile; fileRef = E6D03A362B76DFF300AE6D25 /* TestDataExtensions.swift */; };
		E6D03A392B76E15C00AE6D25 /* GradeViewModel.swift in Sources */ = {isa = PBXBuildFile; fileRef = E6D03A382B76E15C00AE6D25 /* GradeViewModel.swift */; };
		E6D03A3B2B76E1C600AE6D25 /* StudentTableView.swift in Sources */ = {isa = PBXBuildFile; fileRef = E6D03A3A2B76E1C600AE6D25 /* StudentTableView.swift */; };
/* End PBXBuildFile section */

/* Begin PBXFileReference section */
		E614A8A92B86A3BA0074BE65 /* ParseFile.swift */ = {isa = PBXFileReference; lastKnownFileType = sourcecode.swift; path = ParseFile.swift; sourceTree = "<group>"; };
		E6215E8F2B87CB55001725E1 /* ParsedData.swift */ = {isa = PBXFileReference; lastKnownFileType = sourcecode.swift; path = ParsedData.swift; sourceTree = "<group>"; };
		E622180E2B80175300BFF258 /* ExampleGradesViewModelPassingView.swift */ = {isa = PBXFileReference; lastKnownFileType = sourcecode.swift; path = ExampleGradesViewModelPassingView.swift; sourceTree = "<group>"; };
		E6486FBE2B743FBB00A8E344 /* App2_Grades_inClass.app */ = {isa = PBXFileReference; explicitFileType = wrapper.application; includeInIndex = 0; path = App2_Grades_inClass.app; sourceTree = BUILT_PRODUCTS_DIR; };
		E6486FC12B743FBB00A8E344 /* App2_Grades_inClassApp.swift */ = {isa = PBXFileReference; lastKnownFileType = sourcecode.swift; path = App2_Grades_inClassApp.swift; sourceTree = "<group>"; };
		E6486FC32B743FBB00A8E344 /* ContentView.swift */ = {isa = PBXFileReference; lastKnownFileType = sourcecode.swift; path = ContentView.swift; sourceTree = "<group>"; };
		E6486FC52B743FBC00A8E344 /* Assets.xcassets */ = {isa = PBXFileReference; lastKnownFileType = folder.assetcatalog; path = Assets.xcassets; sourceTree = "<group>"; };
		E6486FC82B743FBC00A8E344 /* Preview Assets.xcassets */ = {isa = PBXFileReference; lastKnownFileType = folder.assetcatalog; path = "Preview Assets.xcassets"; sourceTree = "<group>"; };
		E6486FCA2B743FBC00A8E344 /* App2_Grades_inClass.entitlements */ = {isa = PBXFileReference; lastKnownFileType = text.plist.entitlements; path = App2_Grades_inClass.entitlements; sourceTree = "<group>"; };
		E664A1C12B8936CE003627BA /* StatisticsTableView.swift */ = {isa = PBXFileReference; lastKnownFileType = sourcecode.swift; path = StatisticsTableView.swift; sourceTree = "<group>"; };
		E664A1C32B8936DC003627BA /* StatisticsListView.swift */ = {isa = PBXFileReference; lastKnownFileType = sourcecode.swift; path = StatisticsListView.swift; sourceTree = "<group>"; };
		E66B046B2B87DF7A0065B76C /* AssignmentGroupTableView.swift */ = {isa = PBXFileReference; lastKnownFileType = sourcecode.swift; path = AssignmentGroupTableView.swift; sourceTree = "<group>"; };
		E66B046D2B87E3070065B76C /* AssignmentGroupListView.swift */ = {isa = PBXFileReference; lastKnownFileType = sourcecode.swift; path = AssignmentGroupListView.swift; sourceTree = "<group>"; };
		E674366C2B7AD761007A15BE /* StudentsListView.swift */ = {isa = PBXFileReference; lastKnownFileType = sourcecode.swift; path = StudentsListView.swift; sourceTree = "<group>"; };
		E6AD799B2B7D71EA00C9D475 /* DropFileView.swift */ = {isa = PBXFileReference; lastKnownFileType = sourcecode.swift; path = DropFileView.swift; sourceTree = "<group>"; };
		E6AD799D2B7D756800C9D475 /* CSVURLDropDelegate.swift */ = {isa = PBXFileReference; lastKnownFileType = sourcecode.swift; path = CSVURLDropDelegate.swift; sourceTree = "<group>"; };
		E6D03A2A2B76D89600AE6D25 /* Student.swift */ = {isa = PBXFileReference; lastKnownFileType = sourcecode.swift; path = Student.swift; sourceTree = "<group>"; };
		E6D03A2C2B76D9B300AE6D25 /* LetterGrade.swift */ = {isa = PBXFileReference; fileEncoding = 4; lastKnownFileType = sourcecode.swift; path = LetterGrade.swift; sourceTree = "<group>"; };
		E6D03A2E2B76DB5900AE6D25 /* AssignmentScore.swift */ = {isa = PBXFileReference; lastKnownFileType = sourcecode.swift; path = AssignmentScore.swift; sourceTree = "<group>"; };
		E6D03A302B76DD0700AE6D25 /* Assignment.swift */ = {isa = PBXFileReference; lastKnownFileType = sourcecode.swift; path = Assignment.swift; sourceTree = "<group>"; };
		E6D03A322B76DE5600AE6D25 /* AssignmentGroup.swift */ = {isa = PBXFileReference; lastKnownFileType = sourcecode.swift; path = AssignmentGroup.swift; sourceTree = "<group>"; };
		E6D03A342B76DF4000AE6D25 /* CourseResults.swift */ = {isa = PBXFileReference; lastKnownFileType = sourcecode.swift; path = CourseResults.swift; sourceTree = "<group>"; };
		E6D03A362B76DFF300AE6D25 /* TestDataExtensions.swift */ = {isa = PBXFileReference; fileEncoding = 4; lastKnownFileType = sourcecode.swift; path = TestDataExtensions.swift; sourceTree = "<group>"; };
		E6D03A382B76E15C00AE6D25 /* GradeViewModel.swift */ = {isa = PBXFileReference; lastKnownFileType = sourcecode.swift; path = GradeViewModel.swift; sourceTree = "<group>"; };
		E6D03A3A2B76E1C600AE6D25 /* StudentTableView.swift */ = {isa = PBXFileReference; lastKnownFileType = sourcecode.swift; path = StudentTableView.swift; sourceTree = "<group>"; };
/* End PBXFileReference section */

/* Begin PBXFrameworksBuildPhase section */
		E6486FBB2B743FBB00A8E344 /* Frameworks */ = {
			isa = PBXFrameworksBuildPhase;
			buildActionMask = 2147483647;
			files = (
			);
			runOnlyForDeploymentPostprocessing = 0;
		};
/* End PBXFrameworksBuildPhase section */

/* Begin PBXGroup section */
		E6486FB52B743FBB00A8E344 = {
			isa = PBXGroup;
			children = (
				E6486FC02B743FBB00A8E344 /* App2_Grades_inClass */,
				E6486FBF2B743FBB00A8E344 /* Products */,
			);
			sourceTree = "<group>";
		};
		E6486FBF2B743FBB00A8E344 /* Products */ = {
			isa = PBXGroup;
			children = (
				E6486FBE2B743FBB00A8E344 /* App2_Grades_inClass.app */,
			);
			name = Products;
			sourceTree = "<group>";
		};
		E6486FC02B743FBB00A8E344 /* App2_Grades_inClass */ = {
			isa = PBXGroup;
			children = (
				E6486FC12B743FBB00A8E344 /* App2_Grades_inClassApp.swift */,
				E6486FC32B743FBB00A8E344 /* ContentView.swift */,
				E6486FD22B7441D300A8E344 /* Data Models */,
				E6486FD12B7441CA00A8E344 /* View Models */,
				E6486FD02B7441C100A8E344 /* Views */,
				E6486FC52B743FBC00A8E344 /* Assets.xcassets */,
				E6486FCA2B743FBC00A8E344 /* App2_Grades_inClass.entitlements */,
				E6486FC72B743FBC00A8E344 /* Preview Content */,
			);
			path = App2_Grades_inClass;
			sourceTree = "<group>";
		};
		E6486FC72B743FBC00A8E344 /* Preview Content */ = {
			isa = PBXGroup;
			children = (
				E6486FC82B743FBC00A8E344 /* Preview Assets.xcassets */,
			);
			path = "Preview Content";
			sourceTree = "<group>";
		};
		E6486FD02B7441C100A8E344 /* Views */ = {
			isa = PBXGroup;
			children = (
				E6D03A3A2B76E1C600AE6D25 /* StudentTableView.swift */,
				E674366C2B7AD761007A15BE /* StudentsListView.swift */,
				E6AD799B2B7D71EA00C9D475 /* DropFileView.swift */,
				E66B046B2B87DF7A0065B76C /* AssignmentGroupTableView.swift */,
				E66B046D2B87E3070065B76C /* AssignmentGroupListView.swift */,
				E664A1C12B8936CE003627BA /* StatisticsTableView.swift */,
				E664A1C32B8936DC003627BA /* StatisticsListView.swift */,
			);
			path = Views;
			sourceTree = "<group>";
		};
		E6486FD12B7441CA00A8E344 /* View Models */ = {
			isa = PBXGroup;
			children = (
				E6D03A382B76E15C00AE6D25 /* GradeViewModel.swift */,
				E6AD799D2B7D756800C9D475 /* CSVURLDropDelegate.swift */,
				E622180E2B80175300BFF258 /* ExampleGradesViewModelPassingView.swift */,
			);
			path = "View Models";
			sourceTree = "<group>";
		};
		E6486FD22B7441D300A8E344 /* Data Models */ = {
			isa = PBXGroup;
			children = (
				E6D03A342B76DF4000AE6D25 /* CourseResults.swift */,
				E6D03A2C2B76D9B300AE6D25 /* LetterGrade.swift */,
				E6D03A2A2B76D89600AE6D25 /* Student.swift */,
				E6D03A2E2B76DB5900AE6D25 /* AssignmentScore.swift */,
				E6D03A302B76DD0700AE6D25 /* Assignment.swift */,
				E6D03A322B76DE5600AE6D25 /* AssignmentGroup.swift */,
				E6D03A362B76DFF300AE6D25 /* TestDataExtensions.swift */,
				E614A8A92B86A3BA0074BE65 /* ParseFile.swift */,
				E6215E8F2B87CB55001725E1 /* ParsedData.swift */,
			);
			path = "Data Models";
			sourceTree = "<group>";
		};
/* End PBXGroup section */

/* Begin PBXNativeTarget section */
		E6486FBD2B743FBB00A8E344 /* App2_Grades_inClass */ = {
			isa = PBXNativeTarget;
			buildConfigurationList = E6486FCD2B743FBC00A8E344 /* Build configuration list for PBXNativeTarget "App2_Grades_inClass" */;
			buildPhases = (
				E6486FBA2B743FBB00A8E344 /* Sources */,
				E6486FBB2B743FBB00A8E344 /* Frameworks */,
				E6486FBC2B743FBB00A8E344 /* Resources */,
			);
			buildRules = (
			);
			dependencies = (
			);
			name = App2_Grades_inClass;
			productName = App2_Grades_inClass;
			productReference = E6486FBE2B743FBB00A8E344 /* App2_Grades_inClass.app */;
			productType = "com.apple.product-type.application";
		};
/* End PBXNativeTarget section */

/* Begin PBXProject section */
		E6486FB62B743FBB00A8E344 /* Project object */ = {
			isa = PBXProject;
			attributes = {
				BuildIndependentTargetsInParallel = 1;
				LastSwiftUpdateCheck = 1520;
				LastUpgradeCheck = 1520;
				TargetAttributes = {
					E6486FBD2B743FBB00A8E344 = {
						CreatedOnToolsVersion = 15.2;
					};
				};
			};
			buildConfigurationList = E6486FB92B743FBB00A8E344 /* Build configuration list for PBXProject "App2_Grades_inClass" */;
			compatibilityVersion = "Xcode 14.0";
			developmentRegion = en;
			hasScannedForEncodings = 0;
			knownRegions = (
				en,
				Base,
			);
			mainGroup = E6486FB52B743FBB00A8E344;
			productRefGroup = E6486FBF2B743FBB00A8E344 /* Products */;
			projectDirPath = "";
			projectRoot = "";
			targets = (
				E6486FBD2B743FBB00A8E344 /* App2_Grades_inClass */,
			);
		};
/* End PBXProject section */

/* Begin PBXResourcesBuildPhase section */
		E6486FBC2B743FBB00A8E344 /* Resources */ = {
			isa = PBXResourcesBuildPhase;
			buildActionMask = 2147483647;
			files = (
				E6486FC92B743FBC00A8E344 /* Preview Assets.xcassets in Resources */,
				E6486FC62B743FBC00A8E344 /* Assets.xcassets in Resources */,
			);
			runOnlyForDeploymentPostprocessing = 0;
		};
/* End PBXResourcesBuildPhase section */

/* Begin PBXSourcesBuildPhase section */
		E6486FBA2B743FBB00A8E344 /* Sources */ = {
			isa = PBXSourcesBuildPhase;
			buildActionMask = 2147483647;
			files = (
				E66B046C2B87DF7A0065B76C /* AssignmentGroupTableView.swift in Sources */,
				E6215E902B87CB55001725E1 /* ParsedData.swift in Sources */,
				E664A1C22B8936CE003627BA /* StatisticsTableView.swift in Sources */,
				E6D03A312B76DD0700AE6D25 /* Assignment.swift in Sources */,
				E6D03A352B76DF4000AE6D25 /* CourseResults.swift in Sources */,
				E6AD799E2B7D756800C9D475 /* CSVURLDropDelegate.swift in Sources */,
				E6D03A2F2B76DB5900AE6D25 /* AssignmentScore.swift in Sources */,
				E6D03A3B2B76E1C600AE6D25 /* StudentTableView.swift in Sources */,
				E614A8AA2B86A3BA0074BE65 /* ParseFile.swift in Sources */,
				E6AD799C2B7D71EA00C9D475 /* DropFileView.swift in Sources */,
				E6486FC42B743FBB00A8E344 /* ContentView.swift in Sources */,
				E622180F2B80175300BFF258 /* ExampleGradesViewModelPassingView.swift in Sources */,
				E6D03A2B2B76D89600AE6D25 /* Student.swift in Sources */,
				E674366D2B7AD761007A15BE /* StudentsListView.swift in Sources */,
				E66B046E2B87E3070065B76C /* AssignmentGroupListView.swift in Sources */,
				E6D03A332B76DE5600AE6D25 /* AssignmentGroup.swift in Sources */,
				E6D03A392B76E15C00AE6D25 /* GradeViewModel.swift in Sources */,
				E6486FC22B743FBB00A8E344 /* App2_Grades_inClassApp.swift in Sources */,
				E6D03A2D2B76D9B300AE6D25 /* LetterGrade.swift in Sources */,
				E664A1C42B8936DC003627BA /* StatisticsListView.swift in Sources */,
				E6D03A372B76DFF300AE6D25 /* TestDataExtensions.swift in Sources */,
			);
			runOnlyForDeploymentPostprocessing = 0;
		};
/* End PBXSourcesBuildPhase section */

/* Begin XCBuildConfiguration section */
		E6486FCB2B743FBC00A8E344 /* Debug */ = {
			isa = XCBuildConfiguration;
			buildSettings = {
				ALWAYS_SEARCH_USER_PATHS = NO;
				ASSETCATALOG_COMPILER_GENERATE_SWIFT_ASSET_SYMBOL_EXTENSIONS = YES;
				CLANG_ANALYZER_NONNULL = YES;
				CLANG_ANALYZER_NUMBER_OBJECT_CONVERSION = YES_AGGRESSIVE;
				CLANG_CXX_LANGUAGE_STANDARD = "gnu++20";
				CLANG_ENABLE_MODULES = YES;
				CLANG_ENABLE_OBJC_ARC = YES;
				CLANG_ENABLE_OBJC_WEAK = YES;
				CLANG_WARN_BLOCK_CAPTURE_AUTORELEASING = YES;
				CLANG_WARN_BOOL_CONVERSION = YES;
				CLANG_WARN_COMMA = YES;
				CLANG_WARN_CONSTANT_CONVERSION = YES;
				CLANG_WARN_DEPRECATED_OBJC_IMPLEMENTATIONS = YES;
				CLANG_WARN_DIRECT_OBJC_ISA_USAGE = YES_ERROR;
				CLANG_WARN_DOCUMENTATION_COMMENTS = YES;
				CLANG_WARN_EMPTY_BODY = YES;
				CLANG_WARN_ENUM_CONVERSION = YES;
				CLANG_WARN_INFINITE_RECURSION = YES;
				CLANG_WARN_INT_CONVERSION = YES;
				CLANG_WARN_NON_LITERAL_NULL_CONVERSION = YES;
				CLANG_WARN_OBJC_IMPLICIT_RETAIN_SELF = YES;
				CLANG_WARN_OBJC_LITERAL_CONVERSION = YES;
				CLANG_WARN_OBJC_ROOT_CLASS = YES_ERROR;
				CLANG_WARN_QUOTED_INCLUDE_IN_FRAMEWORK_HEADER = YES;
				CLANG_WARN_RANGE_LOOP_ANALYSIS = YES;
				CLANG_WARN_STRICT_PROTOTYPES = YES;
				CLANG_WARN_SUSPICIOUS_MOVE = YES;
				CLANG_WARN_UNGUARDED_AVAILABILITY = YES_AGGRESSIVE;
				CLANG_WARN_UNREACHABLE_CODE = YES;
				CLANG_WARN__DUPLICATE_METHOD_MATCH = YES;
				COPY_PHASE_STRIP = NO;
				DEBUG_INFORMATION_FORMAT = dwarf;
				ENABLE_STRICT_OBJC_MSGSEND = YES;
				ENABLE_TESTABILITY = YES;
				ENABLE_USER_SCRIPT_SANDBOXING = YES;
				GCC_C_LANGUAGE_STANDARD = gnu17;
				GCC_DYNAMIC_NO_PIC = NO;
				GCC_NO_COMMON_BLOCKS = YES;
				GCC_OPTIMIZATION_LEVEL = 0;
				GCC_PREPROCESSOR_DEFINITIONS = (
					"DEBUG=1",
					"$(inherited)",
				);
				GCC_WARN_64_TO_32_BIT_CONVERSION = YES;
				GCC_WARN_ABOUT_RETURN_TYPE = YES_ERROR;
				GCC_WARN_UNDECLARED_SELECTOR = YES;
				GCC_WARN_UNINITIALIZED_AUTOS = YES_AGGRESSIVE;
				GCC_WARN_UNUSED_FUNCTION = YES;
				GCC_WARN_UNUSED_VARIABLE = YES;
				LOCALIZATION_PREFERS_STRING_CATALOGS = YES;
				MACOSX_DEPLOYMENT_TARGET = 14.2;
				MTL_ENABLE_DEBUG_INFO = INCLUDE_SOURCE;
				MTL_FAST_MATH = YES;
				ONLY_ACTIVE_ARCH = YES;
				SDKROOT = macosx;
				SWIFT_ACTIVE_COMPILATION_CONDITIONS = "DEBUG $(inherited)";
				SWIFT_OPTIMIZATION_LEVEL = "-Onone";
			};
			name = Debug;
		};
		E6486FCC2B743FBC00A8E344 /* Release */ = {
			isa = XCBuildConfiguration;
			buildSettings = {
				ALWAYS_SEARCH_USER_PATHS = NO;
				ASSETCATALOG_COMPILER_GENERATE_SWIFT_ASSET_SYMBOL_EXTENSIONS = YES;
				CLANG_ANALYZER_NONNULL = YES;
				CLANG_ANALYZER_NUMBER_OBJECT_CONVERSION = YES_AGGRESSIVE;
				CLANG_CXX_LANGUAGE_STANDARD = "gnu++20";
				CLANG_ENABLE_MODULES = YES;
				CLANG_ENABLE_OBJC_ARC = YES;
				CLANG_ENABLE_OBJC_WEAK = YES;
				CLANG_WARN_BLOCK_CAPTURE_AUTORELEASING = YES;
				CLANG_WARN_BOOL_CONVERSION = YES;
				CLANG_WARN_COMMA = YES;
				CLANG_WARN_CONSTANT_CONVERSION = YES;
				CLANG_WARN_DEPRECATED_OBJC_IMPLEMENTATIONS = YES;
				CLANG_WARN_DIRECT_OBJC_ISA_USAGE = YES_ERROR;
				CLANG_WARN_DOCUMENTATION_COMMENTS = YES;
				CLANG_WARN_EMPTY_BODY = YES;
				CLANG_WARN_ENUM_CONVERSION = YES;
				CLANG_WARN_INFINITE_RECURSION = YES;
				CLANG_WARN_INT_CONVERSION = YES;
				CLANG_WARN_NON_LITERAL_NULL_CONVERSION = YES;
				CLANG_WARN_OBJC_IMPLICIT_RETAIN_SELF = YES;
				CLANG_WARN_OBJC_LITERAL_CONVERSION = YES;
				CLANG_WARN_OBJC_ROOT_CLASS = YES_ERROR;
				CLANG_WARN_QUOTED_INCLUDE_IN_FRAMEWORK_HEADER = YES;
				CLANG_WARN_RANGE_LOOP_ANALYSIS = YES;
				CLANG_WARN_STRICT_PROTOTYPES = YES;
				CLANG_WARN_SUSPICIOUS_MOVE = YES;
				CLANG_WARN_UNGUARDED_AVAILABILITY = YES_AGGRESSIVE;
				CLANG_WARN_UNREACHABLE_CODE = YES;
				CLANG_WARN__DUPLICATE_METHOD_MATCH = YES;
				COPY_PHASE_STRIP = NO;
				DEBUG_INFORMATION_FORMAT = "dwarf-with-dsym";
				ENABLE_NS_ASSERTIONS = NO;
				ENABLE_STRICT_OBJC_MSGSEND = YES;
				ENABLE_USER_SCRIPT_SANDBOXING = YES;
				GCC_C_LANGUAGE_STANDARD = gnu17;
				GCC_NO_COMMON_BLOCKS = YES;
				GCC_WARN_64_TO_32_BIT_CONVERSION = YES;
				GCC_WARN_ABOUT_RETURN_TYPE = YES_ERROR;
				GCC_WARN_UNDECLARED_SELECTOR = YES;
				GCC_WARN_UNINITIALIZED_AUTOS = YES_AGGRESSIVE;
				GCC_WARN_UNUSED_FUNCTION = YES;
				GCC_WARN_UNUSED_VARIABLE = YES;
				LOCALIZATION_PREFERS_STRING_CATALOGS = YES;
				MACOSX_DEPLOYMENT_TARGET = 14.2;
				MTL_ENABLE_DEBUG_INFO = NO;
				MTL_FAST_MATH = YES;
				SDKROOT = macosx;
				SWIFT_COMPILATION_MODE = wholemodule;
			};
			name = Release;
		};
		E6486FCE2B743FBC00A8E344 /* Debug */ = {
			isa = XCBuildConfiguration;
			buildSettings = {
				ASSETCATALOG_COMPILER_APPICON_NAME = AppIcon;
				ASSETCATALOG_COMPILER_GLOBAL_ACCENT_COLOR_NAME = AccentColor;
				CODE_SIGN_ENTITLEMENTS = App2_Grades_inClass/App2_Grades_inClass.entitlements;
				CODE_SIGN_STYLE = Automatic;
				COMBINE_HIDPI_IMAGES = YES;
				CURRENT_PROJECT_VERSION = 1;
				DEVELOPMENT_ASSET_PATHS = "\"App2_Grades_inClass/Preview Content\"";
				DEVELOPMENT_TEAM = 47JHC47Y5H;
				ENABLE_HARDENED_RUNTIME = YES;
				ENABLE_PREVIEWS = YES;
				GENERATE_INFOPLIST_FILE = YES;
				INFOPLIST_KEY_NSHumanReadableCopyright = "";
				LD_RUNPATH_SEARCH_PATHS = (
					"$(inherited)",
					"@executable_path/../Frameworks",
				);
				MARKETING_VERSION = 1.0;
				PRODUCT_BUNDLE_IDENTIFIER = "ColterSnyder.App2-Grades-inClass";
				PRODUCT_NAME = "$(TARGET_NAME)";
				SWIFT_EMIT_LOC_STRINGS = YES;
				SWIFT_VERSION = 5.0;
			};
			name = Debug;
		};
		E6486FCF2B743FBC00A8E344 /* Release */ = {
			isa = XCBuildConfiguration;
			buildSettings = {
				ASSETCATALOG_COMPILER_APPICON_NAME = AppIcon;
				ASSETCATALOG_COMPILER_GLOBAL_ACCENT_COLOR_NAME = AccentColor;
				CODE_SIGN_ENTITLEMENTS = App2_Grades_inClass/App2_Grades_inClass.entitlements;
				CODE_SIGN_STYLE = Automatic;
				COMBINE_HIDPI_IMAGES = YES;
				CURRENT_PROJECT_VERSION = 1;
				DEVELOPMENT_ASSET_PATHS = "\"App2_Grades_inClass/Preview Content\"";
				DEVELOPMENT_TEAM = 47JHC47Y5H;
				ENABLE_HARDENED_RUNTIME = YES;
				ENABLE_PREVIEWS = YES;
				GENERATE_INFOPLIST_FILE = YES;
				INFOPLIST_KEY_NSHumanReadableCopyright = "";
				LD_RUNPATH_SEARCH_PATHS = (
					"$(inherited)",
					"@executable_path/../Frameworks",
				);
				MARKETING_VERSION = 1.0;
				PRODUCT_BUNDLE_IDENTIFIER = "ColterSnyder.App2-Grades-inClass";
				PRODUCT_NAME = "$(TARGET_NAME)";
				SWIFT_EMIT_LOC_STRINGS = YES;
				SWIFT_VERSION = 5.0;
			};
			name = Release;
		};
/* End XCBuildConfiguration section */

/* Begin XCConfigurationList section */
		E6486FB92B743FBB00A8E344 /* Build configuration list for PBXProject "App2_Grades_inClass" */ = {
			isa = XCConfigurationList;
			buildConfigurations = (
				E6486FCB2B743FBC00A8E344 /* Debug */,
				E6486FCC2B743FBC00A8E344 /* Release */,
			);
			defaultConfigurationIsVisible = 0;
			defaultConfigurationName = Release;
		};
		E6486FCD2B743FBC00A8E344 /* Build configuration list for PBXNativeTarget "App2_Grades_inClass" */ = {
			isa = XCConfigurationList;
			buildConfigurations = (
				E6486FCE2B743FBC00A8E344 /* Debug */,
				E6486FCF2B743FBC00A8E344 /* Release */,
			);
			defaultConfigurationIsVisible = 0;
			defaultConfigurationName = Release;
		};
/* End XCConfigurationList section */
	};
	rootObject = E6486FB62B743FBB00A8E344 /* Project object */;
}
